
Microsoft Visual Studio Solution File, Format Version 12.00
# Visual Studio Version 17
VisualStudioVersion = 17.7.34024.191
MinimumVisualStudioVersion = 10.0.40219.1
Project("{FAE04EC0-301F-11D3-BF4B-00C04F79EFBC}") = "Elbehiri_Array", "Elbehiri_Array\Elbehiri_Array.csproj", "{230C7D51-11D2-44BC-A554-7CAD16096AED}"
EndProject
Global
	GlobalSection(SolutionConfigurationPlatforms) = preSolution
		Debug|Any CPU = Debug|Any CPU
		Release|Any CPU = Release|Any CPU
	EndGlobalSection
	GlobalSection(ProjectConfigurationPlatforms) = postSolution
		{230C7D51-11D2-44BC-A554-7CAD16096AED}.Debug|Any CPU.ActiveCfg = Debug|Any CPU
		{230C7D51-11D2-44BC-A554-7CAD16096AED}.Debug|Any CPU.Build.0 = Debug|Any CPU
		{230C7D51-11D2-44BC-A554-7CAD16096AED}.Release|Any CPU.ActiveCfg = Release|Any CPU
		{230C7D51-11D2-44BC-A554-7CAD16096AED}.Release|Any CPU.Build.0 = Release|Any CPU
	EndGlobalSection
	GlobalSection(SolutionProperties) = preSolution
		HideSolutionNode = FALSE
	EndGlobalSection
	GlobalSection(ExtensibilityGlobals) = postSolution
		SolutionGuid = {32E514F7-EB92-410F-8699-ABEACA89AB00}
	EndGlobalSection
EndGlobal
